{
  "version": 4,
  "terraform_version": "1.3.7",
  "serial": 5,
  "lineage": "5fece4ed-d8c1-1389-a135-c43eec5d7b7c",
  "outputs": {},
  "resources": [
    {
      "mode": "managed",
      "type": "github_repository",
      "name": "test-repo2",
      "provider": "provider[\"registry.terraform.io/integrations/github\"]",
      "instances": [
        {
          "schema_version": 0,
          "attributes": {
            "allow_auto_merge": false,
            "allow_merge_commit": true,
            "allow_rebase_merge": true,
            "allow_squash_merge": true,
            "archive_on_destroy": null,
            "archived": false,
            "auto_init": null,
            "branches": [],
            "default_branch": "main",
            "delete_branch_on_merge": false,
            "description": "Test2 repo from Terraform",
            "etag": "W/\"b2b5d9678f6e5bd7314e682c4089725d7af547600c3aef1d5e8d395ed7079f1a\"",
            "full_name": "murilodr13/test-repo2",
            "git_clone_url": "git://github.com/murilodr13/test-repo2.git",
            "gitignore_template": null,
            "has_downloads": false,
            "has_issues": false,
            "has_projects": false,
            "has_wiki": false,
            "homepage_url": "",
            "html_url": "https://github.com/murilodr13/test-repo2",
            "http_clone_url": "https://github.com/murilodr13/test-repo2.git",
            "id": "test-repo2",
            "ignore_vulnerability_alerts_during_read": null,
            "is_template": false,
            "license_template": null,
            "merge_commit_message": "PR_TITLE",
            "merge_commit_title": "MERGE_MESSAGE",
            "name": "test-repo2",
            "node_id": "R_kgDOI7CT1g",
            "pages": [],
            "private": false,
            "repo_id": 598774742,
            "squash_merge_commit_message": "COMMIT_MESSAGES",
            "squash_merge_commit_title": "COMMIT_OR_PR_TITLE",
            "ssh_clone_url": "git@github.com:murilodr13/test-repo2.git",
            "svn_url": "https://github.com/murilodr13/test-repo2",
            "template": [],
            "topics": null,
            "visibility": "public",
            "vulnerability_alerts": false
          },
          "sensitive_attributes": [],
          "private": "bnVsbA=="
        }
      ]
    }
  ],
  "check_results": null
}
